
Microsoft Visual Studio Solution File, Format Version 12.00
# Visual Studio Version 17
VisualStudioVersion = 17.11.35431.28
MinimumVisualStudioVersion = 10.0.40219.1
Project("{9A19103F-16F7-4668-BE54-9A1E7A4F7556}") = "DriveApp.UI", "DriveApp.UI\DriveApp.UI.csproj", "{984D6D4D-A5A6-4397-A7C4-D7A4ADB9E0ED}"
EndProject
Project("{9A19103F-16F7-4668-BE54-9A1E7A4F7556}") = "DriveApp.Domain", "DriveApp.Domain\DriveApp.Domain.csproj", "{83960B7A-1916-4600-991E-7AE728DAAB29}"
EndProject
Project("{9A19103F-16F7-4668-BE54-9A1E7A4F7556}") = "DriveApp.Info", "DriveApp.Info\DriveApp.Info.csproj", "{B24C4044-17D4-4A51-BD4F-AC064822EAEE}"
EndProject
Global
	GlobalSection(SolutionConfigurationPlatforms) = preSolution
		Debug|Any CPU = Debug|Any CPU
		Release|Any CPU = Release|Any CPU
	EndGlobalSection
	GlobalSection(ProjectConfigurationPlatforms) = postSolution
		{984D6D4D-A5A6-4397-A7C4-D7A4ADB9E0ED}.Debug|Any CPU.ActiveCfg = Debug|Any CPU
		{984D6D4D-A5A6-4397-A7C4-D7A4ADB9E0ED}.Debug|Any CPU.Build.0 = Debug|Any CPU
		{984D6D4D-A5A6-4397-A7C4-D7A4ADB9E0ED}.Release|Any CPU.ActiveCfg = Release|Any CPU
		{984D6D4D-A5A6-4397-A7C4-D7A4ADB9E0ED}.Release|Any CPU.Build.0 = Release|Any CPU
		{83960B7A-1916-4600-991E-7AE728DAAB29}.Debug|Any CPU.ActiveCfg = Debug|Any CPU
		{83960B7A-1916-4600-991E-7AE728DAAB29}.Debug|Any CPU.Build.0 = Debug|Any CPU
		{83960B7A-1916-4600-991E-7AE728DAAB29}.Release|Any CPU.ActiveCfg = Release|Any CPU
		{83960B7A-1916-4600-991E-7AE728DAAB29}.Release|Any CPU.Build.0 = Release|Any CPU
		{B24C4044-17D4-4A51-BD4F-AC064822EAEE}.Debug|Any CPU.ActiveCfg = Debug|Any CPU
		{B24C4044-17D4-4A51-BD4F-AC064822EAEE}.Debug|Any CPU.Build.0 = Debug|Any CPU
		{B24C4044-17D4-4A51-BD4F-AC064822EAEE}.Release|Any CPU.ActiveCfg = Release|Any CPU
		{B24C4044-17D4-4A51-BD4F-AC064822EAEE}.Release|Any CPU.Build.0 = Release|Any CPU
	EndGlobalSection
	GlobalSection(SolutionProperties) = preSolution
		HideSolutionNode = FALSE
	EndGlobalSection
	GlobalSection(ExtensibilityGlobals) = postSolution
		SolutionGuid = {7232991C-0809-4C85-B377-5C12DD0A1B6A}
	EndGlobalSection
EndGlobal
